
Microsoft Visual Studio Solution File, Format Version 12.00
Project("{FAE04EC0-301F-11D3-BF4B-00C04F79EFBC}") = "WiggleBot.App", "WiggleBot.App\WiggleBot.App.csproj", "{B3249C43-C4E1-4F2B-9770-36BB3015808A}"
EndProject
Project("{FAE04EC0-301F-11D3-BF4B-00C04F79EFBC}") = "WiggleBot.Models", "WiggleBot.Models\WiggleBot.Models.csproj", "{574E2619-C797-4004-A5D1-E95E68B9FBCB}"
EndProject
Project("{FAE04EC0-301F-11D3-BF4B-00C04F79EFBC}") = "WiggleBot.Dashboard", "WiggleBot.Dashboard\WiggleBot.Dashboard.csproj", "{3301D2CC-A41F-42C7-B4E0-5BFB4B6730F4}"
EndProject
Global
	GlobalSection(SolutionConfigurationPlatforms) = preSolution
		Debug|Any CPU = Debug|Any CPU
		Release|Any CPU = Release|Any CPU
	EndGlobalSection
	GlobalSection(ProjectConfigurationPlatforms) = postSolution
		{B3249C43-C4E1-4F2B-9770-36BB3015808A}.Debug|Any CPU.ActiveCfg = Debug|Any CPU
		{B3249C43-C4E1-4F2B-9770-36BB3015808A}.Debug|Any CPU.Build.0 = Debug|Any CPU
		{B3249C43-C4E1-4F2B-9770-36BB3015808A}.Release|Any CPU.ActiveCfg = Release|Any CPU
		{B3249C43-C4E1-4F2B-9770-36BB3015808A}.Release|Any CPU.Build.0 = Release|Any CPU
		{574E2619-C797-4004-A5D1-E95E68B9FBCB}.Debug|Any CPU.ActiveCfg = Debug|Any CPU
		{574E2619-C797-4004-A5D1-E95E68B9FBCB}.Debug|Any CPU.Build.0 = Debug|Any CPU
		{574E2619-C797-4004-A5D1-E95E68B9FBCB}.Release|Any CPU.ActiveCfg = Release|Any CPU
		{574E2619-C797-4004-A5D1-E95E68B9FBCB}.Release|Any CPU.Build.0 = Release|Any CPU
		{3301D2CC-A41F-42C7-B4E0-5BFB4B6730F4}.Debug|Any CPU.ActiveCfg = Debug|Any CPU
		{3301D2CC-A41F-42C7-B4E0-5BFB4B6730F4}.Debug|Any CPU.Build.0 = Debug|Any CPU
		{3301D2CC-A41F-42C7-B4E0-5BFB4B6730F4}.Release|Any CPU.ActiveCfg = Release|Any CPU
		{3301D2CC-A41F-42C7-B4E0-5BFB4B6730F4}.Release|Any CPU.Build.0 = Release|Any CPU
	EndGlobalSection
EndGlobal
